hash: 01d5c7dc36f8132d70d72cba3a96b9ad6626e07f4a7b2cfe51dfa341a6a051de
updated: 2018-05-24T17:12:58.357231373-07:00
imports:
- name: github.com/go-sql-driver/mysql
  version: ceae19ce1c5ac766abad8db04d649a7a83e91ced
- name: github.com/gorilla/context
  version: 08b5f424b9271eedf6f9f0ce86cb9396ed337a42
- name: github.com/gorilla/mux
  version: e3702bed27f0d39777b0b37b664b6280e8ef8fbf
- name: github.com/unrolled/render
  version: 65450fb6b2d3595beca39f969c411db8f8d5c806
- name: github.com/urfave/negroni
  version: 5dbbc83f748fc3ad38585842b0aedab546d0ea1e
- name: google.golang.org/appengine
  version: 150dc57a1b433e64154302bdc40b6bb8aefa313a
  subpackages:
  - cloudsql
- name: gopkg.in/yaml.v2
  version: 5420a8b6744d3b0345ab293f6fcba19c978f1183
testImports: []
